
Microsoft Visual Studio Solution File, Format Version 12.00
# Visual Studio Version 17
VisualStudioVersion = 17.6.33829.357
MinimumVisualStudioVersion = 10.0.40219.1
Project("{9A19103F-16F7-4668-BE54-9A1E7A4F7556}") = "MonitorProgram", "MonitorProgram\MonitorProgram.csproj", "{6045E1C3-C562-429E-879D-EFF8FEF2AAEE}"
EndProject
Project("{2150E333-8FDC-42A3-9474-1A3956D46DE8}") = "Solution Items", "Solution Items", "{8A591C1E-5D59-47A1-A009-3093133AF00A}"
EndProject
Global
	GlobalSection(SolutionConfigurationPlatforms) = preSolution
		Debug|Any CPU = Debug|Any CPU
		Release|Any CPU = Release|Any CPU
	EndGlobalSection
	GlobalSection(ProjectConfigurationPlatforms) = postSolution
		{6045E1C3-C562-429E-879D-EFF8FEF2AAEE}.Debug|Any CPU.ActiveCfg = Debug|Any CPU
		{6045E1C3-C562-429E-879D-EFF8FEF2AAEE}.Debug|Any CPU.Build.0 = Debug|Any CPU
		{6045E1C3-C562-429E-879D-EFF8FEF2AAEE}.Release|Any CPU.ActiveCfg = Release|Any CPU
		{6045E1C3-C562-429E-879D-EFF8FEF2AAEE}.Release|Any CPU.Build.0 = Release|Any CPU
	EndGlobalSection
	GlobalSection(SolutionProperties) = preSolution
		HideSolutionNode = FALSE
	EndGlobalSection
	GlobalSection(ExtensibilityGlobals) = postSolution
		SolutionGuid = {3308E881-F117-40F0-9584-86A72025E886}
	EndGlobalSection
EndGlobal
